
Microsoft Visual Studio Solution File, Format Version 12.00
# Visual Studio Version 16
VisualStudioVersion = 25.0.1704.2
MinimumVisualStudioVersion = 10.0.40219.1
Project("{FAE04EC0-301F-11D3-BF4B-00C04F79EFBC}") = "orders.api", "orders.api\orders.api.csproj", "{C8E00801-9DE5-464F-8C99-62280522B85E}"
EndProject
Global
	GlobalSection(SolutionConfigurationPlatforms) = preSolution
		Debug|Any CPU = Debug|Any CPU
		Release|Any CPU = Release|Any CPU
	EndGlobalSection
	GlobalSection(ProjectConfigurationPlatforms) = postSolution
		{C8E00801-9DE5-464F-8C99-62280522B85E}.Debug|Any CPU.ActiveCfg = Debug|Any CPU
		{C8E00801-9DE5-464F-8C99-62280522B85E}.Debug|Any CPU.Build.0 = Debug|Any CPU
		{C8E00801-9DE5-464F-8C99-62280522B85E}.Release|Any CPU.ActiveCfg = Release|Any CPU
		{C8E00801-9DE5-464F-8C99-62280522B85E}.Release|Any CPU.Build.0 = Release|Any CPU
	EndGlobalSection
	GlobalSection(SolutionProperties) = preSolution
		HideSolutionNode = FALSE
	EndGlobalSection
	GlobalSection(ExtensibilityGlobals) = postSolution
		SolutionGuid = {B7893F63-500F-4C33-BB0D-89E39F5B7827}
	EndGlobalSection
EndGlobal
